{
  "name": "ssh-agent-ansible",
  "version": "1.0.0",
  "lockfileVersion": 2,
  "requires": true,
  "packages": {
    "": {
      "name": "ssh-agent-ansible",
      "version": "1.0.0",
      "license": "ISC",
      "dependencies": {
        "@vercel/ncc": "^0.38.0"
      }
    },
    "node_modules/@vercel/ncc": {
      "version": "0.38.0",
      "resolved": "https://registry.npmjs.org/@vercel/ncc/-/ncc-0.38.0.tgz",
      "integrity": "sha512-B4YKZMm/EqMptKSFyAq4q2SlgJe+VCmEH6Y8gf/E1pTlWbsUJpuH1ymik2Ex3aYO5mCWwV1kaSYHSQOT8+4vHA==",
      "bin": {
        "ncc": "dist/ncc/cli.js"
      }
    }
  },
  "dependencies": {
    "@vercel/ncc": {
      "version": "0.38.0",
      "resolved": "https://registry.npmjs.org/@vercel/ncc/-/ncc-0.38.0.tgz",
      "integrity": "sha512-B4YKZMm/EqMptKSFyAq4q2SlgJe+VCmEH6Y8gf/E1pTlWbsUJpuH1ymik2Ex3aYO5mCWwV1kaSYHSQOT8+4vHA=="
    }
  }
}
